github.com/apkraft/bgo_homework_1_3 v0.0.0-20201222104356-d2cbed51c4f5/go.mod h1:fuFg+t9lplXJCTOpnTcAwhmD3TRA99DKsk7TD+vzU0k=
github.com/apkraft/bgo_homework_1_4 v0.0.0-20210115110651-c949cb278614 h1:uT1eP5MLR+4GxCR1sAqjf9dnrWvQepkHisdoovMLppU=
github.com/apkraft/bgo_homework_1_4 v0.0.0-20210115110651-c949cb278614/go.mod h1:H97Ajj6xVX16QM1mVNvk07w0B3Did2GxW9H/dRCXn4Y=
